dependencies:
- name: grafana
  repository: ""
  version: 3.3.6
- name: reports-server
  repository: https://nirmata.github.io/kyverno-charts
  version: 0.2.29
- name: crds
  repository: ""
  version: 3.3.6
digest: sha256:e744bb8b3b08c804c5a3e069e9049c2eea4f532f99ea718b33dca2800d1d3d42
generated: "2026-04-29T21:11:17.938574914Z"
